
Microsoft Visual Studio Solution File, Format Version 12.00
# Visual Studio Version 17
VisualStudioVersion = 17.9.34728.123
MinimumVisualStudioVersion = 10.0.40219.1
Project("{9A19103F-16F7-4668-BE54-9A1E7A4F7556}") = "BIS.UI", "BIS\BIS.UI.csproj", "{53E65EA1-CF18-43C5-B6A3-E40810C8492C}"
EndProject
Project("{9A19103F-16F7-4668-BE54-9A1E7A4F7556}") = "BIS.BLL", "BIS.BLL\BIS.BLL.csproj", "{6054672E-D2FA-44E7-965C-A725E00E488D}"
	ProjectSection(ProjectDependencies) = postProject
		{3B51B776-B537-4974-806C-8709217FA52E} = {3B51B776-B537-4974-806C-8709217FA52E}
	EndProjectSection
EndProject
Project("{9A19103F-16F7-4668-BE54-9A1E7A4F7556}") = "BIS.DAL", "BIS.DAL\BIS.DAL.csproj", "{C71085DE-48B0-4229-A7B5-105BF6FCEE2D}"
EndProject
Project("{9A19103F-16F7-4668-BE54-9A1E7A4F7556}") = "BIS.Data", "BIS.Data\BIS.Data.csproj", "{3B51B776-B537-4974-806C-8709217FA52E}"
EndProject
Project("{9A19103F-16F7-4668-BE54-9A1E7A4F7556}") = "BIS.Entity", "BIS.Entity\BIS.Entity.csproj", "{5C5683A2-73B8-4AD1-A8CC-596ED40193BA}"
EndProject
Project("{FAE04EC0-301F-11D3-BF4B-00C04F79EFBC}") = "BIS.Common", "BIS.Common\BIS.Common.csproj", "{D941AD22-297E-41D7-A293-95ED01BA53D4}"
EndProject
Global
	GlobalSection(SolutionConfigurationPlatforms) = preSolution
		Debug|Any CPU = Debug|Any CPU
		Release|Any CPU = Release|Any CPU
	EndGlobalSection
	GlobalSection(ProjectConfigurationPlatforms) = postSolution
		{53E65EA1-CF18-43C5-B6A3-E40810C8492C}.Debug|Any CPU.ActiveCfg = Debug|Any CPU
		{53E65EA1-CF18-43C5-B6A3-E40810C8492C}.Debug|Any CPU.Build.0 = Debug|Any CPU
		{53E65EA1-CF18-43C5-B6A3-E40810C8492C}.Release|Any CPU.ActiveCfg = Release|Any CPU
		{53E65EA1-CF18-43C5-B6A3-E40810C8492C}.Release|Any CPU.Build.0 = Release|Any CPU
		{6054672E-D2FA-44E7-965C-A725E00E488D}.Debug|Any CPU.ActiveCfg = Debug|Any CPU
		{6054672E-D2FA-44E7-965C-A725E00E488D}.Debug|Any CPU.Build.0 = Debug|Any CPU
		{6054672E-D2FA-44E7-965C-A725E00E488D}.Release|Any CPU.ActiveCfg = Release|Any CPU
		{6054672E-D2FA-44E7-965C-A725E00E488D}.Release|Any CPU.Build.0 = Release|Any CPU
		{C71085DE-48B0-4229-A7B5-105BF6FCEE2D}.Debug|Any CPU.ActiveCfg = Debug|Any CPU
		{C71085DE-48B0-4229-A7B5-105BF6FCEE2D}.Debug|Any CPU.Build.0 = Debug|Any CPU
		{C71085DE-48B0-4229-A7B5-105BF6FCEE2D}.Release|Any CPU.ActiveCfg = Release|Any CPU
		{C71085DE-48B0-4229-A7B5-105BF6FCEE2D}.Release|Any CPU.Build.0 = Release|Any CPU
		{3B51B776-B537-4974-806C-8709217FA52E}.Debug|Any CPU.ActiveCfg = Debug|Any CPU
		{3B51B776-B537-4974-806C-8709217FA52E}.Debug|Any CPU.Build.0 = Debug|Any CPU
		{3B51B776-B537-4974-806C-8709217FA52E}.Release|Any CPU.ActiveCfg = Release|Any CPU
		{3B51B776-B537-4974-806C-8709217FA52E}.Release|Any CPU.Build.0 = Release|Any CPU
		{5C5683A2-73B8-4AD1-A8CC-596ED40193BA}.Debug|Any CPU.ActiveCfg = Debug|Any CPU
		{5C5683A2-73B8-4AD1-A8CC-596ED40193BA}.Debug|Any CPU.Build.0 = Debug|Any CPU
		{5C5683A2-73B8-4AD1-A8CC-596ED40193BA}.Release|Any CPU.ActiveCfg = Release|Any CPU
		{5C5683A2-73B8-4AD1-A8CC-596ED40193BA}.Release|Any CPU.Build.0 = Release|Any CPU
		{D941AD22-297E-41D7-A293-95ED01BA53D4}.Debug|Any CPU.ActiveCfg = Debug|Any CPU
		{D941AD22-297E-41D7-A293-95ED01BA53D4}.Debug|Any CPU.Build.0 = Debug|Any CPU
		{D941AD22-297E-41D7-A293-95ED01BA53D4}.Release|Any CPU.ActiveCfg = Release|Any CPU
		{D941AD22-297E-41D7-A293-95ED01BA53D4}.Release|Any CPU.Build.0 = Release|Any CPU
	EndGlobalSection
	GlobalSection(SolutionProperties) = preSolution
		HideSolutionNode = FALSE
	EndGlobalSection
	GlobalSection(ExtensibilityGlobals) = postSolution
		SolutionGuid = {A49F4C3A-9B22-4D28-BF0F-2FE31F5DCB91}
	EndGlobalSection
EndGlobal
